
Microsoft Visual Studio Solution File, Format Version 12.00
# Visual Studio Version 17
VisualStudioVersion = 17.13.35919.96
MinimumVisualStudioVersion = 10.0.40219.1
Project("{FAE04EC0-301F-11D3-BF4B-00C04F79EFBC}") = "RateWatch.Api", "src\RateWatch.Api\RateWatch.Api.csproj", "{FB6DD1B3-4379-90C9-9571-9CEBE0F6CF76}"
EndProject
Project("{FAE04EC0-301F-11D3-BF4B-00C04F79EFBC}") = "RateWatch.Domain", "src\RateWatch.Domain\RateWatch.Domain.csproj", "{36510D00-7960-43F4-A017-C06D64D35107}"
EndProject
Project("{FAE04EC0-301F-11D3-BF4B-00C04F79EFBC}") = "RateWatch.Application", "src\RateWatch.Application\RateWatch.Application.csproj", "{BF6EF3D1-273C-46B2-80F7-0CCC9517E216}"
EndProject
Project("{FAE04EC0-301F-11D3-BF4B-00C04F79EFBC}") = "RateWatch.Infrastructure", "src\RateWatch.Infrastructure\RateWatch.Infrastructure.csproj", "{45EAFA7E-E344-4B65-AD72-D956E1084013}"
EndProject
Project("{FAE04EC0-301F-11D3-BF4B-00C04F79EFBC}") = "RateWatch.UnitTests", "tests\RateWatch.UnitTests\RateWatch.UnitTests.csproj", "{C8D41076-4249-44B5-B032-165DEC3A4DA7}"
EndProject
Project("{FAE04EC0-301F-11D3-BF4B-00C04F79EFBC}") = "RateWatch.BlazorApp", "src\RateWatch.BlazorApp\RateWatch.BlazorApp.csproj", "{80E8BADB-C8F3-45BD-995B-145AB60BAC3C}"
EndProject
Global
	GlobalSection(SolutionConfigurationPlatforms) = preSolution
		Debug|Any CPU = Debug|Any CPU
		Release|Any CPU = Release|Any CPU
	EndGlobalSection
	GlobalSection(ProjectConfigurationPlatforms) = postSolution
		{FB6DD1B3-4379-90C9-9571-9CEBE0F6CF76}.Debug|Any CPU.ActiveCfg = Debug|Any CPU
		{FB6DD1B3-4379-90C9-9571-9CEBE0F6CF76}.Debug|Any CPU.Build.0 = Debug|Any CPU
		{FB6DD1B3-4379-90C9-9571-9CEBE0F6CF76}.Release|Any CPU.ActiveCfg = Release|Any CPU
		{FB6DD1B3-4379-90C9-9571-9CEBE0F6CF76}.Release|Any CPU.Build.0 = Release|Any CPU
		{36510D00-7960-43F4-A017-C06D64D35107}.Debug|Any CPU.ActiveCfg = Debug|Any CPU
		{36510D00-7960-43F4-A017-C06D64D35107}.Debug|Any CPU.Build.0 = Debug|Any CPU
		{36510D00-7960-43F4-A017-C06D64D35107}.Release|Any CPU.ActiveCfg = Release|Any CPU
		{36510D00-7960-43F4-A017-C06D64D35107}.Release|Any CPU.Build.0 = Release|Any CPU
		{BF6EF3D1-273C-46B2-80F7-0CCC9517E216}.Debug|Any CPU.ActiveCfg = Debug|Any CPU
		{BF6EF3D1-273C-46B2-80F7-0CCC9517E216}.Debug|Any CPU.Build.0 = Debug|Any CPU
		{BF6EF3D1-273C-46B2-80F7-0CCC9517E216}.Release|Any CPU.ActiveCfg = Release|Any CPU
		{BF6EF3D1-273C-46B2-80F7-0CCC9517E216}.Release|Any CPU.Build.0 = Release|Any CPU
		{45EAFA7E-E344-4B65-AD72-D956E1084013}.Debug|Any CPU.ActiveCfg = Debug|Any CPU
		{45EAFA7E-E344-4B65-AD72-D956E1084013}.Debug|Any CPU.Build.0 = Debug|Any CPU
		{45EAFA7E-E344-4B65-AD72-D956E1084013}.Release|Any CPU.ActiveCfg = Release|Any CPU
		{45EAFA7E-E344-4B65-AD72-D956E1084013}.Release|Any CPU.Build.0 = Release|Any CPU
		{C8D41076-4249-44B5-B032-165DEC3A4DA7}.Debug|Any CPU.ActiveCfg = Debug|Any CPU
		{C8D41076-4249-44B5-B032-165DEC3A4DA7}.Debug|Any CPU.Build.0 = Debug|Any CPU
		{C8D41076-4249-44B5-B032-165DEC3A4DA7}.Release|Any CPU.ActiveCfg = Release|Any CPU
		{C8D41076-4249-44B5-B032-165DEC3A4DA7}.Release|Any CPU.Build.0 = Release|Any CPU
		{80E8BADB-C8F3-45BD-995B-145AB60BAC3C}.Debug|Any CPU.ActiveCfg = Debug|Any CPU
		{80E8BADB-C8F3-45BD-995B-145AB60BAC3C}.Debug|Any CPU.Build.0 = Debug|Any CPU
		{80E8BADB-C8F3-45BD-995B-145AB60BAC3C}.Release|Any CPU.ActiveCfg = Release|Any CPU
		{80E8BADB-C8F3-45BD-995B-145AB60BAC3C}.Release|Any CPU.Build.0 = Release|Any CPU
	EndGlobalSection
	GlobalSection(SolutionProperties) = preSolution
		HideSolutionNode = FALSE
	EndGlobalSection
	GlobalSection(ExtensibilityGlobals) = postSolution
		SolutionGuid = {02F22B1C-71D3-4AA2-9A50-559390322565}
	EndGlobalSection
EndGlobal
